
Microsoft Visual Studio Solution File, Format Version 12.00
# Visual Studio Version 16
VisualStudioVersion = 16.0.31702.278
MinimumVisualStudioVersion = 10.0.40219.1
Project("{FAE04EC0-301F-11D3-BF4B-00C04F79EFBC}") = "MeowPlanet", "MeowPlanet\MeowPlanet.csproj", "{21334A63-B128-44DC-B73B-7058B8B8BD21}"
EndProject
Global
	GlobalSection(SolutionConfigurationPlatforms) = preSolution
		Debug|Any CPU = Debug|Any CPU
		Release|Any CPU = Release|Any CPU
	EndGlobalSection
	GlobalSection(ProjectConfigurationPlatforms) = postSolution
		{21334A63-B128-44DC-B73B-7058B8B8BD21}.Debug|Any CPU.ActiveCfg = Debug|Any CPU
		{21334A63-B128-44DC-B73B-7058B8B8BD21}.Debug|Any CPU.Build.0 = Debug|Any CPU
		{21334A63-B128-44DC-B73B-7058B8B8BD21}.Release|Any CPU.ActiveCfg = Release|Any CPU
		{21334A63-B128-44DC-B73B-7058B8B8BD21}.Release|Any CPU.Build.0 = Release|Any CPU
	EndGlobalSection
	GlobalSection(SolutionProperties) = preSolution
		HideSolutionNode = FALSE
	EndGlobalSection
	GlobalSection(ExtensibilityGlobals) = postSolution
		SolutionGuid = {1C3C4B50-3892-4AD1-9750-865C0E296C04}
	EndGlobalSection
EndGlobal
